
Microsoft Visual Studio Solution File, Format Version 11.00
# Visual Studio 2010
Project("{8BC9CEB8-8B4A-11D0-8D11-00A0C91BC942}") = "show", "show\show.vcxproj", "{0FBAB0EE-4A08-4A77-A75D-744F2DE75F03}"
EndProject
Global
	GlobalSection(SolutionConfigurationPlatforms) = preSolution
		Debug|Win32 = Debug|Win32
		Release|Win32 = Release|Win32
	EndGlobalSection
	GlobalSection(ProjectConfigurationPlatforms) = postSolution
		{0FBAB0EE-4A08-4A77-A75D-744F2DE75F03}.Debug|Win32.ActiveCfg = Debug|Win32
		{0FBAB0EE-4A08-4A77-A75D-744F2DE75F03}.Debug|Win32.Build.0 = Debug|Win32
		{0FBAB0EE-4A08-4A77-A75D-744F2DE75F03}.Release|Win32.ActiveCfg = Release|Win32
		{0FBAB0EE-4A08-4A77-A75D-744F2DE75F03}.Release|Win32.Build.0 = Release|Win32
	EndGlobalSection
	GlobalSection(SolutionProperties) = preSolution
		HideSolutionNode = FALSE
	EndGlobalSection
EndGlobal
