
Microsoft Visual Studio Solution File, Format Version 11.00
# Visual Studio 2010
Project("{8BC9CEB8-8B4A-11D0-8D11-00A0C91BC942}") = "spiral", "spiral\spiral.vcxproj", "{08DE445B-619D-4D05-94C1-A50BBA48DF5E}"
EndProject
Global
	GlobalSection(SolutionConfigurationPlatforms) = preSolution
		Debug|Win32 = Debug|Win32
		Release|Win32 = Release|Win32
	EndGlobalSection
	GlobalSection(ProjectConfigurationPlatforms) = postSolution
		{08DE445B-619D-4D05-94C1-A50BBA48DF5E}.Debug|Win32.ActiveCfg = Debug|Win32
		{08DE445B-619D-4D05-94C1-A50BBA48DF5E}.Debug|Win32.Build.0 = Debug|Win32
		{08DE445B-619D-4D05-94C1-A50BBA48DF5E}.Release|Win32.ActiveCfg = Release|Win32
		{08DE445B-619D-4D05-94C1-A50BBA48DF5E}.Release|Win32.Build.0 = Release|Win32
	EndGlobalSection
	GlobalSection(SolutionProperties) = preSolution
		HideSolutionNode = FALSE
	EndGlobalSection
EndGlobal
